// !$*UTF8*$!
{
	archiveVersion = 1;
	classes = {
	};
	objectVersion = 50;
	objects = {

/* Begin PBXBuildFile section */
		744749B4230FDBBE00B701B4 /* AppDelegate.swift in Sources */ = {isa = PBXBuildFile; fileRef = 744749B3230FDBBE00B701B4 /* AppDelegate.swift */; };
		744749B6230FDBBE00B701B4 /* SceneDelegate.swift in Sources */ = {isa = PBXBuildFile; fileRef = 744749B5230FDBBE00B701B4 /* SceneDelegate.swift */; };
		744749B9230FDBBE00B701B4 /* SwiftUI_Core_Data.xcdatamodeld in Sources */ = {isa = PBXBuildFile; fileRef = 744749B7230FDBBE00B701B4 /* SwiftUI_Core_Data.xcdatamodeld */; };
		744749BB230FDBBE00B701B4 /* ContentView.swift in Sources */ = {isa = PBXBuildFile; fileRef = 744749BA230FDBBE00B701B4 /* ContentView.swift */; };
		744749BD230FDBC000B701B4 /* Assets.xcassets in Resources */ = {isa = PBXBuildFile; fileRef = 744749BC230FDBC000B701B4 /* Assets.xcassets */; };
		744749C0230FDBC000B701B4 /* Preview Assets.xcassets in Resources */ = {isa = PBXBuildFile; fileRef = 744749BF230FDBC000B701B4 /* Preview Assets.xcassets */; };
		744749C3230FDBC000B701B4 /* LaunchScreen.storyboard in Resources */ = {isa = PBXBuildFile; fileRef = 744749C1230FDBC000B701B4 /* LaunchScreen.storyboard */; };
		744749CC230FDC4000B701B4 /* Person+CoreDataClass.swift in Sources */ = {isa = PBXBuildFile; fileRef = 744749CA230FDC4000B701B4 /* Person+CoreDataClass.swift */; };
		744749CD230FDC4000B701B4 /* Person+CoreDataProperties.swift in Sources */ = {isa = PBXBuildFile; fileRef = 744749CB230FDC4000B701B4 /* Person+CoreDataProperties.swift */; };
		744749D0230FDDBC00B701B4 /* ImagePicker.swift in Sources */ = {isa = PBXBuildFile; fileRef = 744749CF230FDDBC00B701B4 /* ImagePicker.swift */; };
		744749D4230FE01C00B701B4 /* PersonCellModel.swift in Sources */ = {isa = PBXBuildFile; fileRef = 744749D3230FE01C00B701B4 /* PersonCellModel.swift */; };
		744749D8230FE2D900B701B4 /* PersonsModel.swift in Sources */ = {isa = PBXBuildFile; fileRef = 744749D7230FE2D900B701B4 /* PersonsModel.swift */; };
		744749DC230FFB1400B701B4 /* AddNewPerson.swift in Sources */ = {isa = PBXBuildFile; fileRef = 744749DB230FFB1400B701B4 /* AddNewPerson.swift */; };
/* End PBXBuildFile section */

/* Begin PBXFileReference section */
		744749B0230FDBBE00B701B4 /* SwiftUI Core Data.app */ = {isa = PBXFileReference; explicitFileType = wrapper.application; includeInIndex = 0; path = "SwiftUI Core Data.app"; sourceTree = BUILT_PRODUCTS_DIR; };
		744749B3230FDBBE00B701B4 /* AppDelegate.swift */ = {isa = PBXFileReference; lastKnownFileType = sourcecode.swift; path = AppDelegate.swift; sourceTree = "<group>"; };
		744749B5230FDBBE00B701B4 /* SceneDelegate.swift */ = {isa = PBXFileReference; lastKnownFileType = sourcecode.swift; path = SceneDelegate.swift; sourceTree = "<group>"; };
		744749B8230FDBBE00B701B4 /* SwiftUI_Core_Data.xcdatamodel */ = {isa = PBXFileReference; lastKnownFileType = wrapper.xcdatamodel; path = SwiftUI_Core_Data.xcdatamodel; sourceTree = "<group>"; };
		744749BA230FDBBE00B701B4 /* ContentView.swift */ = {isa = PBXFileReference; lastKnownFileType = sourcecode.swift; path = ContentView.swift; sourceTree = "<group>"; };
		744749BC230FDBC000B701B4 /* Assets.xcassets */ = {isa = PBXFileReference; lastKnownFileType = folder.assetcatalog; path = Assets.xcassets; sourceTree = "<group>"; };
		744749BF230FDBC000B701B4 /* Preview Assets.xcassets */ = {isa = PBXFileReference; lastKnownFileType = folder.assetcatalog; path = "Preview Assets.xcassets"; sourceTree = "<group>"; };
		744749C2230FDBC000B701B4 /* Base */ = {isa = PBXFileReference; lastKnownFileType = file.storyboard; name = Base; path = Base.lproj/LaunchScreen.storyboard; sourceTree = "<group>"; };
		744749C4230FDBC000B701B4 /* Info.plist */ = {isa = PBXFileReference; lastKnownFileType = text.plist.xml; path = Info.plist; sourceTree = "<group>"; };
		744749CA230FDC4000B701B4 /* Person+CoreDataClass.swift */ = {isa = PBXFileReference; lastKnownFileType = sourcecode.swift; path = "Person+CoreDataClass.swift"; sourceTree = "<group>"; };
		744749CB230FDC4000B701B4 /* Person+CoreDataProperties.swift */ = {isa = PBXFileReference; lastKnownFileType = sourcecode.swift; path = "Person+CoreDataProperties.swift"; sourceTree = "<group>"; };
		744749CF230FDDBC00B701B4 /* ImagePicker.swift */ = {isa = PBXFileReference; lastKnownFileType = sourcecode.swift; path = ImagePicker.swift; sourceTree = "<group>"; };
		744749D3230FE01C00B701B4 /* PersonCellModel.swift */ = {isa = PBXFileReference; lastKnownFileType = sourcecode.swift; path = PersonCellModel.swift; sourceTree = "<group>"; };
		744749D7230FE2D900B701B4 /* PersonsModel.swift */ = {isa = PBXFileReference; lastKnownFileType = sourcecode.swift; path = PersonsModel.swift; sourceTree = "<group>"; };
		744749DB230FFB1400B701B4 /* AddNewPerson.swift */ = {isa = PBXFileReference; lastKnownFileType = sourcecode.swift; path = AddNewPerson.swift; sourceTree = "<group>"; };
/* End PBXFileReference section */

/* Begin PBXFrameworksBuildPhase section */
		744749AD230FDBBE00B701B4 /* Frameworks */ = {
			isa = PBXFrameworksBuildPhase;
			buildActionMask = 2147483647;
			files = (
			);
			runOnlyForDeploymentPostprocessing = 0;
		};
/* End PBXFrameworksBuildPhase section */

/* Begin PBXGroup section */
		744749A7230FDBBE00B701B4 = {
			isa = PBXGroup;
			children = (
				744749B2230FDBBE00B701B4 /* SwiftUI Core Data */,
				744749B1230FDBBE00B701B4 /* Products */,
			);
			sourceTree = "<group>";
		};
		744749B1230FDBBE00B701B4 /* Products */ = {
			isa = PBXGroup;
			children = (
				744749B0230FDBBE00B701B4 /* SwiftUI Core Data.app */,
			);
			name = Products;
			sourceTree = "<group>";
		};
		744749B2230FDBBE00B701B4 /* SwiftUI Core Data */ = {
			isa = PBXGroup;
			children = (
				744749B3230FDBBE00B701B4 /* AppDelegate.swift */,
				744749B5230FDBBE00B701B4 /* SceneDelegate.swift */,
				744749CE230FDC5F00B701B4 /* Service+CoreData */,
				744749D2230FDFDA00B701B4 /* Service+ImagePicker */,
				744749D6230FE25D00B701B4 /* Model */,
				744749D1230FDFCB00B701B4 /* View */,
				744749D5230FE24F00B701B4 /* ViewModel */,
				744749BC230FDBC000B701B4 /* Assets.xcassets */,
				744749C1230FDBC000B701B4 /* LaunchScreen.storyboard */,
				744749C4230FDBC000B701B4 /* Info.plist */,
				744749BE230FDBC000B701B4 /* Preview Content */,
			);
			path = "SwiftUI Core Data";
			sourceTree = "<group>";
		};
		744749BE230FDBC000B701B4 /* Preview Content */ = {
			isa = PBXGroup;
			children = (
				744749BF230FDBC000B701B4 /* Preview Assets.xcassets */,
			);
			path = "Preview Content";
			sourceTree = "<group>";
		};
		744749CE230FDC5F00B701B4 /* Service+CoreData */ = {
			isa = PBXGroup;
			children = (
				744749CA230FDC4000B701B4 /* Person+CoreDataClass.swift */,
				744749CB230FDC4000B701B4 /* Person+CoreDataProperties.swift */,
			);
			path = "Service+CoreData";
			sourceTree = "<group>";
		};
		744749D1230FDFCB00B701B4 /* View */ = {
			isa = PBXGroup;
			children = (
				744749BA230FDBBE00B701B4 /* ContentView.swift */,
			);
			path = View;
			sourceTree = "<group>";
		};
		744749D2230FDFDA00B701B4 /* Service+ImagePicker */ = {
			isa = PBXGroup;
			children = (
				744749CF230FDDBC00B701B4 /* ImagePicker.swift */,
			);
			path = "Service+ImagePicker";
			sourceTree = "<group>";
		};
		744749D5230FE24F00B701B4 /* ViewModel */ = {
			isa = PBXGroup;
			children = (
				744749D3230FE01C00B701B4 /* PersonCellModel.swift */,
				744749D7230FE2D900B701B4 /* PersonsModel.swift */,
				744749DB230FFB1400B701B4 /* AddNewPerson.swift */,
			);
			path = ViewModel;
			sourceTree = "<group>";
		};
		744749D6230FE25D00B701B4 /* Model */ = {
			isa = PBXGroup;
			children = (
				744749B7230FDBBE00B701B4 /* SwiftUI_Core_Data.xcdatamodeld */,
			);
			path = Model;
			sourceTree = "<group>";
		};
/* End PBXGroup section */

/* Begin PBXNativeTarget section */
		744749AF230FDBBE00B701B4 /* SwiftUI Core Data */ = {
			isa = PBXNativeTarget;
			buildConfigurationList = 744749C7230FDBC000B701B4 /* Build configuration list for PBXNativeTarget "SwiftUI Core Data" */;
			buildPhases = (
				744749AC230FDBBE00B701B4 /* Sources */,
				744749AD230FDBBE00B701B4 /* Frameworks */,
				744749AE230FDBBE00B701B4 /* Resources */,
			);
			buildRules = (
			);
			dependencies = (
			);
			name = "SwiftUI Core Data";
			productName = "SwiftUI Core Data";
			productReference = 744749B0230FDBBE00B701B4 /* SwiftUI Core Data.app */;
			productType = "com.apple.product-type.application";
		};
/* End PBXNativeTarget section */

/* Begin PBXProject section */
		744749A8230FDBBE00B701B4 /* Project object */ = {
			isa = PBXProject;
			attributes = {
				LastSwiftUpdateCheck = 1100;
				LastUpgradeCheck = 1100;
				ORGANIZATIONNAME = "Dmitry Novosyolov";
				TargetAttributes = {
					744749AF230FDBBE00B701B4 = {
						CreatedOnToolsVersion = 11.0;
					};
				};
			};
			buildConfigurationList = 744749AB230FDBBE00B701B4 /* Build configuration list for PBXProject "SwiftUI Core Data" */;
			compatibilityVersion = "Xcode 9.3";
			developmentRegion = en;
			hasScannedForEncodings = 0;
			knownRegions = (
				en,
				Base,
			);
			mainGroup = 744749A7230FDBBE00B701B4;
			productRefGroup = 744749B1230FDBBE00B701B4 /* Products */;
			projectDirPath = "";
			projectRoot = "";
			targets = (
				744749AF230FDBBE00B701B4 /* SwiftUI Core Data */,
			);
		};
/* End PBXProject section */

/* Begin PBXResourcesBuildPhase section */
		744749AE230FDBBE00B701B4 /* Resources */ = {
			isa = PBXResourcesBuildPhase;
			buildActionMask = 2147483647;
			files = (
				744749C3230FDBC000B701B4 /* LaunchScreen.storyboard in Resources */,
				744749C0230FDBC000B701B4 /* Preview Assets.xcassets in Resources */,
				744749BD230FDBC000B701B4 /* Assets.xcassets in Resources */,
			);
			runOnlyForDeploymentPostprocessing = 0;
		};
/* End PBXResourcesBuildPhase section */

/* Begin PBXSourcesBuildPhase section */
		744749AC230FDBBE00B701B4 /* Sources */ = {
			isa = PBXSourcesBuildPhase;
			buildActionMask = 2147483647;
			files = (
				744749D4230FE01C00B701B4 /* PersonCellModel.swift in Sources */,
				744749B9230FDBBE00B701B4 /* SwiftUI_Core_Data.xcdatamodeld in Sources */,
				744749B4230FDBBE00B701B4 /* AppDelegate.swift in Sources */,
				744749DC230FFB1400B701B4 /* AddNewPerson.swift in Sources */,
				744749CD230FDC4000B701B4 /* Person+CoreDataProperties.swift in Sources */,
				744749D8230FE2D900B701B4 /* PersonsModel.swift in Sources */,
				744749D0230FDDBC00B701B4 /* ImagePicker.swift in Sources */,
				744749CC230FDC4000B701B4 /* Person+CoreDataClass.swift in Sources */,
				744749BB230FDBBE00B701B4 /* ContentView.swift in Sources */,
				744749B6230FDBBE00B701B4 /* SceneDelegate.swift in Sources */,
			);
			runOnlyForDeploymentPostprocessing = 0;
		};
/* End PBXSourcesBuildPhase section */

/* Begin PBXVariantGroup section */
		744749C1230FDBC000B701B4 /* LaunchScreen.storyboard */ = {
			isa = PBXVariantGroup;
			children = (
				744749C2230FDBC000B701B4 /* Base */,
			);
			name = LaunchScreen.storyboard;
			sourceTree = "<group>";
		};
/* End PBXVariantGroup section */

/* Begin XCBuildConfiguration section */
		744749C5230FDBC000B701B4 /* Debug */ = {
			isa = XCBuildConfiguration;
			buildSettings = {
				ALWAYS_SEARCH_USER_PATHS = NO;
				CLANG_ANALYZER_NONNULL = YES;
				CLANG_ANALYZER_NUMBER_OBJECT_CONVERSION = YES_AGGRESSIVE;
				CLANG_CXX_LANGUAGE_STANDARD = "gnu++14";
				CLANG_CXX_LIBRARY = "libc++";
				CLANG_ENABLE_MODULES = YES;
				CLANG_ENABLE_OBJC_ARC = YES;
				CLANG_ENABLE_OBJC_WEAK = YES;
				CLANG_WARN_BLOCK_CAPTURE_AUTORELEASING = YES;
				CLANG_WARN_BOOL_CONVERSION = YES;
				CLANG_WARN_COMMA = YES;
				CLANG_WARN_CONSTANT_CONVERSION = YES;
				CLANG_WARN_DEPRECATED_OBJC_IMPLEMENTATIONS = YES;
				CLANG_WARN_DIRECT_OBJC_ISA_USAGE = YES_ERROR;
				CLANG_WARN_DOCUMENTATION_COMMENTS = YES;
				CLANG_WARN_EMPTY_BODY = YES;
				CLANG_WARN_ENUM_CONVERSION = YES;
				CLANG_WARN_INFINITE_RECURSION = YES;
				CLANG_WARN_INT_CONVERSION = YES;
				CLANG_WARN_NON_LITERAL_NULL_CONVERSION = YES;
				CLANG_WARN_OBJC_IMPLICIT_RETAIN_SELF = YES;
				CLANG_WARN_OBJC_LITERAL_CONVERSION = YES;
				CLANG_WARN_OBJC_ROOT_CLASS = YES_ERROR;
				CLANG_WARN_RANGE_LOOP_ANALYSIS = YES;
				CLANG_WARN_STRICT_PROTOTYPES = YES;
				CLANG_WARN_SUSPICIOUS_MOVE = YES;
				CLANG_WARN_UNGUARDED_AVAILABILITY = YES_AGGRESSIVE;
				CLANG_WARN_UNREACHABLE_CODE = YES;
				CLANG_WARN__DUPLICATE_METHOD_MATCH = YES;
				COPY_PHASE_STRIP = NO;
				DEBUG_INFORMATION_FORMAT = dwarf;
				ENABLE_STRICT_OBJC_MSGSEND = YES;
				ENABLE_TESTABILITY = YES;
				GCC_C_LANGUAGE_STANDARD = gnu11;
				GCC_DYNAMIC_NO_PIC = NO;
				GCC_NO_COMMON_BLOCKS = YES;
				GCC_OPTIMIZATION_LEVEL = 0;
				GCC_PREPROCESSOR_DEFINITIONS = (
					"DEBUG=1",
					"$(inherited)",
				);
				GCC_WARN_64_TO_32_BIT_CONVERSION = YES;
				GCC_WARN_ABOUT_RETURN_TYPE = YES_ERROR;
				GCC_WARN_UNDECLARED_SELECTOR = YES;
				GCC_WARN_UNINITIALIZED_AUTOS = YES_AGGRESSIVE;
				GCC_WARN_UNUSED_FUNCTION = YES;
				GCC_WARN_UNUSED_VARIABLE = YES;
				IPHONEOS_DEPLOYMENT_TARGET = 13.0;
				MTL_ENABLE_DEBUG_INFO = INCLUDE_SOURCE;
				MTL_FAST_MATH = YES;
				ONLY_ACTIVE_ARCH = YES;
				SDKROOT = iphoneos;
				SWIFT_ACTIVE_COMPILATION_CONDITIONS = DEBUG;
				SWIFT_OPTIMIZATION_LEVEL = "-Onone";
			};
			name = Debug;
		};
		744749C6230FDBC000B701B4 /* Release */ = {
			isa = XCBuildConfiguration;
			buildSettings = {
				ALWAYS_SEARCH_USER_PATHS = NO;
				CLANG_ANALYZER_NONNULL = YES;
				CLANG_ANALYZER_NUMBER_OBJECT_CONVERSION = YES_AGGRESSIVE;
				CLANG_CXX_LANGUAGE_STANDARD = "gnu++14";
				CLANG_CXX_LIBRARY = "libc++";
				CLANG_ENABLE_MODULES = YES;
				CLANG_ENABLE_OBJC_ARC = YES;
				CLANG_ENABLE_OBJC_WEAK = YES;
				CLANG_WARN_BLOCK_CAPTURE_AUTORELEASING = YES;
				CLANG_WARN_BOOL_CONVERSION = YES;
				CLANG_WARN_COMMA = YES;
				CLANG_WARN_CONSTANT_CONVERSION = YES;
				CLANG_WARN_DEPRECATED_OBJC_IMPLEMENTATIONS = YES;
				CLANG_WARN_DIRECT_OBJC_ISA_USAGE = YES_ERROR;
				CLANG_WARN_DOCUMENTATION_COMMENTS = YES;
				CLANG_WARN_EMPTY_BODY = YES;
				CLANG_WARN_ENUM_CONVERSION = YES;
				CLANG_WARN_INFINITE_RECURSION = YES;
				CLANG_WARN_INT_CONVERSION = YES;
				CLANG_WARN_NON_LITERAL_NULL_CONVERSION = YES;
				CLANG_WARN_OBJC_IMPLICIT_RETAIN_SELF = YES;
				CLANG_WARN_OBJC_LITERAL_CONVERSION = YES;
				CLANG_WARN_OBJC_ROOT_CLASS = YES_ERROR;
				CLANG_WARN_RANGE_LOOP_ANALYSIS = YES;
				CLANG_WARN_STRICT_PROTOTYPES = YES;
				CLANG_WARN_SUSPICIOUS_MOVE = YES;
				CLANG_WARN_UNGUARDED_AVAILABILITY = YES_AGGRESSIVE;
				CLANG_WARN_UNREACHABLE_CODE = YES;
				CLANG_WARN__DUPLICATE_METHOD_MATCH = YES;
				COPY_PHASE_STRIP = NO;
				DEBUG_INFORMATION_FORMAT = "dwarf-with-dsym";
				ENABLE_NS_ASSERTIONS = NO;
				ENABLE_STRICT_OBJC_MSGSEND = YES;
				GCC_C_LANGUAGE_STANDARD = gnu11;
				GCC_NO_COMMON_BLOCKS = YES;
				GCC_WARN_64_TO_32_BIT_CONVERSION = YES;
				GCC_WARN_ABOUT_RETURN_TYPE = YES_ERROR;
				GCC_WARN_UNDECLARED_SELECTOR = YES;
				GCC_WARN_UNINITIALIZED_AUTOS = YES_AGGRESSIVE;
				GCC_WARN_UNUSED_FUNCTION = YES;
				GCC_WARN_UNUSED_VARIABLE = YES;
				IPHONEOS_DEPLOYMENT_TARGET = 13.0;
				MTL_ENABLE_DEBUG_INFO = NO;
				MTL_FAST_MATH = YES;
				SDKROOT = iphoneos;
				SWIFT_COMPILATION_MODE = wholemodule;
				SWIFT_OPTIMIZATION_LEVEL = "-O";
				VALIDATE_PRODUCT = YES;
			};
			name = Release;
		};
		744749C8230FDBC000B701B4 /* Debug */ = {
			isa = XCBuildConfiguration;
			buildSettings = {
				ASSETCATALOG_COMPILER_APPICON_NAME = AppIcon;
				CODE_SIGN_STYLE = Automatic;
				DEVELOPMENT_ASSET_PATHS = "\"SwiftUI Core Data/Preview Content\"";
				DEVELOPMENT_TEAM = 3LF677RTA3;
				ENABLE_PREVIEWS = YES;
				INFOPLIST_FILE = "SwiftUI Core Data/Info.plist";
				LD_RUNPATH_SEARCH_PATHS = (
					"$(inherited)",
					"@executable_path/Frameworks",
				);
				PRODUCT_BUNDLE_IDENTIFIER = "Dmitry-Novosyolov.SwiftUI-Core-Data";
				PRODUCT_NAME = "$(TARGET_NAME)";
				SWIFT_VERSION = 5.0;
				TARGETED_DEVICE_FAMILY = "1,2";
			};
			name = Debug;
		};
		744749C9230FDBC000B701B4 /* Release */ = {
			isa = XCBuildConfiguration;
			buildSettings = {
				ASSETCATALOG_COMPILER_APPICON_NAME = AppIcon;
				CODE_SIGN_STYLE = Automatic;
				DEVELOPMENT_ASSET_PATHS = "\"SwiftUI Core Data/Preview Content\"";
				DEVELOPMENT_TEAM = 3LF677RTA3;
				ENABLE_PREVIEWS = YES;
				INFOPLIST_FILE = "SwiftUI Core Data/Info.plist";
				LD_RUNPATH_SEARCH_PATHS = (
					"$(inherited)",
					"@executable_path/Frameworks",
				);
				PRODUCT_BUNDLE_IDENTIFIER = "Dmitry-Novosyolov.SwiftUI-Core-Data";
				PRODUCT_NAME = "$(TARGET_NAME)";
				SWIFT_VERSION = 5.0;
				TARGETED_DEVICE_FAMILY = "1,2";
			};
			name = Release;
		};
/* End XCBuildConfiguration section */

/* Begin XCConfigurationList section */
		744749AB230FDBBE00B701B4 /* Build configuration list for PBXProject "SwiftUI Core Data" */ = {
			isa = XCConfigurationList;
			buildConfigurations = (
				744749C5230FDBC000B701B4 /* Debug */,
				744749C6230FDBC000B701B4 /* Release */,
			);
			defaultConfigurationIsVisible = 0;
			defaultConfigurationName = Release;
		};
		744749C7230FDBC000B701B4 /* Build configuration list for PBXNativeTarget "SwiftUI Core Data" */ = {
			isa = XCConfigurationList;
			buildConfigurations = (
				744749C8230FDBC000B701B4 /* Debug */,
				744749C9230FDBC000B701B4 /* Release */,
			);
			defaultConfigurationIsVisible = 0;
			defaultConfigurationName = Release;
		};
/* End XCConfigurationList section */

/* Begin XCVersionGroup section */
		744749B7230FDBBE00B701B4 /* SwiftUI_Core_Data.xcdatamodeld */ = {
			isa = XCVersionGroup;
			children = (
				744749B8230FDBBE00B701B4 /* SwiftUI_Core_Data.xcdatamodel */,
			);
			currentVersion = 744749B8230FDBBE00B701B4 /* SwiftUI_Core_Data.xcdatamodel */;
			path = SwiftUI_Core_Data.xcdatamodeld;
			sourceTree = "<group>";
			versionGroupType = wrapper.xcdatamodel;
		};
/* End XCVersionGroup section */
	};
	rootObject = 744749A8230FDBBE00B701B4 /* Project object */;
}
